
Microsoft Visual Studio Solution File, Format Version 12.00
# Visual Studio Version 16
VisualStudioVersion = 16.0.28803.156
MinimumVisualStudioVersion = 10.0.40219.1
Project("{FAE04EC0-301F-11D3-BF4B-00C04F79EFBC}") = "CollisionCheck", "CollisionCheck.csproj", "{8987F16E-1496-4C8B-A28C-93EA65ED10F8}"
EndProject
Project("{FAE04EC0-301F-11D3-BF4B-00C04F79EFBC}") = "3DRender", "..\3DRender\3DRender.csproj", "{C8791797-FE0A-4CB1-9A6C-149D9F513787}"
EndProject
Global
	GlobalSection(SolutionConfigurationPlatforms) = preSolution
		Debug|Any CPU = Debug|Any CPU
		Release|Any CPU = Release|Any CPU
	EndGlobalSection
	GlobalSection(ProjectConfigurationPlatforms) = postSolution
		{8987F16E-1496-4C8B-A28C-93EA65ED10F8}.Debug|Any CPU.ActiveCfg = Debug|Any CPU
		{8987F16E-1496-4C8B-A28C-93EA65ED10F8}.Debug|Any CPU.Build.0 = Debug|Any CPU
		{8987F16E-1496-4C8B-A28C-93EA65ED10F8}.Release|Any CPU.ActiveCfg = Release|Any CPU
		{8987F16E-1496-4C8B-A28C-93EA65ED10F8}.Release|Any CPU.Build.0 = Release|Any CPU
		{C8791797-FE0A-4CB1-9A6C-149D9F513787}.Debug|Any CPU.ActiveCfg = Debug|Any CPU
		{C8791797-FE0A-4CB1-9A6C-149D9F513787}.Debug|Any CPU.Build.0 = Debug|Any CPU
		{C8791797-FE0A-4CB1-9A6C-149D9F513787}.Release|Any CPU.ActiveCfg = Release|Any CPU
		{C8791797-FE0A-4CB1-9A6C-149D9F513787}.Release|Any CPU.Build.0 = Release|Any CPU
	EndGlobalSection
	GlobalSection(SolutionProperties) = preSolution
		HideSolutionNode = FALSE
	EndGlobalSection
	GlobalSection(ExtensibilityGlobals) = postSolution
		SolutionGuid = {96AD269F-D6DE-48D8-950F-A5307BA62DB2}
	EndGlobalSection
EndGlobal
